
Microsoft Visual Studio Solution File, Format Version 12.00
# Visual Studio Version 16
VisualStudioVersion = 16.0.31729.503
MinimumVisualStudioVersion = 10.0.40219.1
Project("{FAE04EC0-301F-11D3-BF4B-00C04F79EFBC}") = "WPFGreedySnake", "WPFGreedySnake\WPFGreedySnake.csproj", "{0E49051A-2891-4AA4-B113-212D520B0399}"
EndProject
Global
	GlobalSection(SolutionConfigurationPlatforms) = preSolution
		Debug|Any CPU = Debug|Any CPU
		Release|Any CPU = Release|Any CPU
	EndGlobalSection
	GlobalSection(ProjectConfigurationPlatforms) = postSolution
		{0E49051A-2891-4AA4-B113-212D520B0399}.Debug|Any CPU.ActiveCfg = Debug|Any CPU
		{0E49051A-2891-4AA4-B113-212D520B0399}.Debug|Any CPU.Build.0 = Debug|Any CPU
		{0E49051A-2891-4AA4-B113-212D520B0399}.Release|Any CPU.ActiveCfg = Release|Any CPU
		{0E49051A-2891-4AA4-B113-212D520B0399}.Release|Any CPU.Build.0 = Release|Any CPU
	EndGlobalSection
	GlobalSection(SolutionProperties) = preSolution
		HideSolutionNode = FALSE
	EndGlobalSection
	GlobalSection(ExtensibilityGlobals) = postSolution
		SolutionGuid = {ABFDC737-30C0-49B3-9262-E2C4820F60CE}
	EndGlobalSection
EndGlobal
